
Microsoft Visual Studio Solution File, Format Version 12.00
Project("{FAE04EC0-301F-11D3-BF4B-00C04F79EFBC}") = "LinuxFileSystemTo4", "LinuxFileSystemTo4.csproj", "{048F58D0-E0DE-451D-B8F5-1939BA3CEA00}"
EndProject
Global
	GlobalSection(SolutionConfigurationPlatforms) = preSolution
		Debug|Any CPU = Debug|Any CPU
		Release|Any CPU = Release|Any CPU
	EndGlobalSection
	GlobalSection(ProjectConfigurationPlatforms) = postSolution
		{048F58D0-E0DE-451D-B8F5-1939BA3CEA00}.Debug|Any CPU.ActiveCfg = Debug|Any CPU
		{048F58D0-E0DE-451D-B8F5-1939BA3CEA00}.Debug|Any CPU.Build.0 = Debug|Any CPU
		{048F58D0-E0DE-451D-B8F5-1939BA3CEA00}.Release|Any CPU.ActiveCfg = Release|Any CPU
		{048F58D0-E0DE-451D-B8F5-1939BA3CEA00}.Release|Any CPU.Build.0 = Release|Any CPU
	EndGlobalSection
EndGlobal
